
Microsoft Visual Studio Solution File, Format Version 12.00
# Visual Studio Version 17
VisualStudioVersion = 17.14.36623.8
MinimumVisualStudioVersion = 10.0.40219.1
Project("{FAE04EC0-301F-11D3-BF4B-00C04F79EFBC}") = "XiangXunBlog", "XiangXunBlog\XiangXunBlog.csproj", "{3560E898-E02B-4ACE-9588-12E20195C1A3}"
EndProject
Project("{FAE04EC0-301F-11D3-BF4B-00C04F79EFBC}") = "TestXiangXunBlog", "TestProject1\TestXiangXunBlog.csproj", "{10A082D3-9A4B-472A-919F-B59955D8A4F9}"
EndProject
Global
	GlobalSection(SolutionConfigurationPlatforms) = preSolution
		Debug|Any CPU = Debug|Any CPU
		Release|Any CPU = Release|Any CPU
	EndGlobalSection
	GlobalSection(ProjectConfigurationPlatforms) = postSolution
		{3560E898-E02B-4ACE-9588-12E20195C1A3}.Debug|Any CPU.ActiveCfg = Debug|Any CPU
		{3560E898-E02B-4ACE-9588-12E20195C1A3}.Debug|Any CPU.Build.0 = Debug|Any CPU
		{3560E898-E02B-4ACE-9588-12E20195C1A3}.Release|Any CPU.ActiveCfg = Release|Any CPU
		{3560E898-E02B-4ACE-9588-12E20195C1A3}.Release|Any CPU.Build.0 = Release|Any CPU
		{10A082D3-9A4B-472A-919F-B59955D8A4F9}.Debug|Any CPU.ActiveCfg = Debug|Any CPU
		{10A082D3-9A4B-472A-919F-B59955D8A4F9}.Debug|Any CPU.Build.0 = Debug|Any CPU
		{10A082D3-9A4B-472A-919F-B59955D8A4F9}.Release|Any CPU.ActiveCfg = Release|Any CPU
		{10A082D3-9A4B-472A-919F-B59955D8A4F9}.Release|Any CPU.Build.0 = Release|Any CPU
	EndGlobalSection
	GlobalSection(SolutionProperties) = preSolution
		HideSolutionNode = FALSE
	EndGlobalSection
	GlobalSection(ExtensibilityGlobals) = postSolution
		SolutionGuid = {95753467-1932-48CD-A345-7454310FAB59}
	EndGlobalSection
EndGlobal
